{
  "name": "@byteowls/capacitor-oauth2",
  "version": "1.0.0-alpha.25",
  "lockfileVersion": 1,
  "requires": true,
  "dependencies": {
    "@capacitor/core": {
      "version": "1.0.0-beta.11",
      "resolved": "https://registry.npmjs.org/@capacitor/core/-/core-1.0.0-beta.11.tgz",
      "integrity": "sha512-Q0hKWvxFjCl4jVpn+BEbC3suj95eaEhjAXkd5+1++ml5EKW7p6iIPrbAaJqfEo9M08Vk4fcvWCrElqO7m6ly1g==",
      "requires": {
        "tslib": "1.9.3"
      }
    },
    "tslib": {
      "version": "1.9.3",
      "resolved": "https://registry.npmjs.org/tslib/-/tslib-1.9.3.tgz",
      "integrity": "sha512-4krF8scpejhaOgqzBEcGM7yDIEfi0/8+8zDRZhNZZ2kjmHJ4hv3zCbQWxoJGz1iw5U0Jl0nma13xzHXcncMavQ=="
    },
    "typescript": {
      "version": "2.9.1",
      "resolved": "https://registry.npmjs.org/typescript/-/typescript-2.9.1.tgz",
      "integrity": "sha512-h6pM2f/GDchCFlldnriOhs1QHuwbnmj6/v7499eMHqPeW4V2G0elua2eIc2nu8v2NdHV0Gm+tzX83Hr6nUFjQA==",
      "dev": true
    }
  }
}
