{
  "name": "@teamconductor/capacitor-oauth2",
  "version": "1.0.0-alpha.2",
  "lockfileVersion": 1,
  "requires": true,
  "dependencies": {
    "@capacitor/core": {
      "version": "1.0.0-beta.7",
      "resolved": "https://registry.npmjs.org/@capacitor/core/-/core-1.0.0-beta.7.tgz",
      "integrity": "sha512-zYu/jTKdsPh810qnGJcBwbKAEXd1mhSfQFr7dnicy4+ILAIc1HSlCJgLUkX3ZwtU8bKkv8zljHps9lvNo9uyWQ==",
      "requires": {
        "tslib": "^1.9.0"
      }
    },
    "tslib": {
      "version": "1.9.3",
      "resolved": "https://registry.npmjs.org/tslib/-/tslib-1.9.3.tgz",
      "integrity": "sha512-4krF8scpejhaOgqzBEcGM7yDIEfi0/8+8zDRZhNZZ2kjmHJ4hv3zCbQWxoJGz1iw5U0Jl0nma13xzHXcncMavQ=="
    },
    "typescript": {
      "version": "2.9.1",
      "resolved": "https://registry.npmjs.org/typescript/-/typescript-2.9.1.tgz",
      "integrity": "sha512-h6pM2f/GDchCFlldnriOhs1QHuwbnmj6/v7499eMHqPeW4V2G0elua2eIc2nu8v2NdHV0Gm+tzX83Hr6nUFjQA==",
      "dev": true
    }
  }
}
