PODS:
  - Capacitor (1.0.0-beta.17):
    - CapacitorCordova (= 1.0.0-beta.17)
  - CapacitorCordova (1.0.0-beta.17)
  - OAuthSwift (1.2.2)

DEPENDENCIES:
  - Capacitor (~> 1.0.0-beta.16)
  - OAuthSwift (~> 1.2.2)

SPEC REPOS:
  https://github.com/cocoapods/specs.git:
    - Capacitor
    - CapacitorCordova
    - OAuthSwift

SPEC CHECKSUMS:
  Capacitor: e70f78a9f9ab26c8ad4a1f3a7aeda5da85e8d659
  CapacitorCordova: 3acfc17886c27567d5c5dfebbc249b634d0eafdc
  OAuthSwift: 27b34fe80b76b67cd8f45571e0be2432bc9f6de1

PODFILE CHECKSUM: b16c74b3bfc788d9af7c959974081f0415cc4c99

COCOAPODS: 1.5.3
