PODS:
  - Capacitor (1.0.0-beta.11):
    - CapacitorCordova (= 1.0.0-beta.11)
  - CapacitorCordova (1.0.0-beta.11)
  - OAuthSwift (1.2.2)

DEPENDENCIES:
  - Capacitor (~> 1.0.0-beta.10)
  - OAuthSwift (~> 1.2.2)

SPEC REPOS:
  https://github.com/cocoapods/specs.git:
    - Capacitor
    - CapacitorCordova
    - OAuthSwift

SPEC CHECKSUMS:
  Capacitor: 3390fb6dbe782bdc71b4bd45df624d4d1da76c71
  CapacitorCordova: eecc394e2f3e29b5ce9fd2fe597e3d7b4786422b
  OAuthSwift: 27b34fe80b76b67cd8f45571e0be2432bc9f6de1

PODFILE CHECKSUM: 498980685af797786065cc5b874e35bda81231b0

COCOAPODS: 1.5.3
